// !$*UTF8*$!
{
	archiveVersion = 1;
	classes = {
	};
	objectVersion = 46;
	objects = {

/* Begin PBXBuildFile section */
		43199A541E12D4140073B182 /* AppDelegate.swift in Sources */ = {isa = PBXBuildFile; fileRef = 43199A531E12D4140073B182 /* AppDelegate.swift */; };
		43199A561E12D4140073B182 /* ViewController.swift in Sources */ = {isa = PBXBuildFile; fileRef = 43199A551E12D4140073B182 /* ViewController.swift */; };
		43199A591E12D4140073B182 /* Main.storyboard in Resources */ = {isa = PBXBuildFile; fileRef = 43199A571E12D4140073B182 /* Main.storyboard */; };
		43199A5B1E12D4140073B182 /* Assets.xcassets in Resources */ = {isa = PBXBuildFile; fileRef = 43199A5A1E12D4140073B182 /* Assets.xcassets */; };
		43199A5E1E12D4140073B182 /* LaunchScreen.storyboard in Resources */ = {isa = PBXBuildFile; fileRef = 43199A5C1E12D4140073B182 /* LaunchScreen.storyboard */; };
		43199A691E12D4140073B182 /* Scribd_ExporerTests.swift in Sources */ = {isa = PBXBuildFile; fileRef = 43199A681E12D4140073B182 /* Scribd_ExporerTests.swift */; };
		43199A741E12D4140073B182 /* Scribd_ExporerUITests.swift in Sources */ = {isa = PBXBuildFile; fileRef = 43199A731E12D4140073B182 /* Scribd_ExporerUITests.swift */; };
		43199A9B1E12D6160073B182 /* ActionViewController.swift in Sources */ = {isa = PBXBuildFile; fileRef = 43199A9A1E12D6160073B182 /* ActionViewController.swift */; };
		43199A9E1E12D6160073B182 /* MainInterface.storyboard in Resources */ = {isa = PBXBuildFile; fileRef = 43199A9C1E12D6160073B182 /* MainInterface.storyboard */; };
		43199AA21E12D6160073B182 /* Action.appex in Embed App Extensions */ = {isa = PBXBuildFile; fileRef = 43199A981E12D6160073B182 /* Action.appex */; settings = {ATTRIBUTES = (RemoveHeadersOnCopy, ); }; };
		4361BD401E1478A10066A0F4 /* ScribdController.swift in Sources */ = {isa = PBXBuildFile; fileRef = 4361BD3F1E1478A10066A0F4 /* ScribdController.swift */; };
		4361BD431E1486240066A0F4 /* PopupDelegate.swift in Sources */ = {isa = PBXBuildFile; fileRef = 4361BD421E1486240066A0F4 /* PopupDelegate.swift */; };
		4361BD461E1524780066A0F4 /* Scribd.swift in Sources */ = {isa = PBXBuildFile; fileRef = 4361BD451E1524780066A0F4 /* Scribd.swift */; };
		4361BD471E15258A0066A0F4 /* Scribd.swift in Sources */ = {isa = PBXBuildFile; fileRef = 4361BD451E1524780066A0F4 /* Scribd.swift */; };
		43B1A7B01E1432F8007BAD65 /* MyButton.swift in Sources */ = {isa = PBXBuildFile; fileRef = 43B1A7AF1E1432F8007BAD65 /* MyButton.swift */; };
		43C8B8E6F9E5B57B7BF13E42 /* Pods_Action.framework in Frameworks */ = {isa = PBXBuildFile; fileRef = E792CBDC14017096A4507F09 /* Pods_Action.framework */; };
		5892EA38613E61499E4C5483 /* Pods_FreeYourPages.framework in Frameworks */ = {isa = PBXBuildFile; fileRef = FEA8323AF06E95AF7399CE36 /* Pods_FreeYourPages.framework */; };
		6C5FB016E23AD34C185809B5 /* Pods_Scribd_ExporerUITests.framework in Frameworks */ = {isa = PBXBuildFile; fileRef = E502056A09378279E36AD799 /* Pods_Scribd_ExporerUITests.framework */; };
		905C4A1AF5858ED7437459E0 /* Pods_FreeYourPagesTests.framework in Frameworks */ = {isa = PBXBuildFile; fileRef = A7EE2BE200340A45E6C48985 /* Pods_FreeYourPagesTests.framework */; };
		C0833C5FCE8006D3D1F0BA21 /* Pods_Scribd_ExporerTests.framework in Frameworks */ = {isa = PBXBuildFile; fileRef = 249ACCE9B13FBA9A49B6E4E1 /* Pods_Scribd_ExporerTests.framework */; };
		EB784D1EBF447840FD2E8F7F /* Pods_FreeYourPagesUITests.framework in Frameworks */ = {isa = PBXBuildFile; fileRef = F8B55FBE38BB08D51522C3C3 /* Pods_FreeYourPagesUITests.framework */; };
/* End PBXBuildFile section */

/* Begin PBXContainerItemProxy section */
		43199A651E12D4140073B182 /* PBXContainerItemProxy */ = {
			isa = PBXContainerItemProxy;
			containerPortal = 43199A481E12D4130073B182 /* Project object */;
			proxyType = 1;
			remoteGlobalIDString = 43199A4F1E12D4130073B182;
			remoteInfo = "Scribd Exporer";
		};
		43199A701E12D4140073B182 /* PBXContainerItemProxy */ = {
			isa = PBXContainerItemProxy;
			containerPortal = 43199A481E12D4130073B182 /* Project object */;
			proxyType = 1;
			remoteGlobalIDString = 43199A4F1E12D4130073B182;
			remoteInfo = "Scribd Exporer";
		};
		43199AA01E12D6160073B182 /* PBXContainerItemProxy */ = {
			isa = PBXContainerItemProxy;
			containerPortal = 43199A481E12D4130073B182 /* Project object */;
			proxyType = 1;
			remoteGlobalIDString = 43199A971E12D6160073B182;
			remoteInfo = Action;
		};
/* End PBXContainerItemProxy section */

/* Begin PBXCopyFilesBuildPhase section */
		43199A931E12D46C0073B182 /* Embed App Extensions */ = {
			isa = PBXCopyFilesBuildPhase;
			buildActionMask = 2147483647;
			dstPath = "";
			dstSubfolderSpec = 13;
			files = (
				43199AA21E12D6160073B182 /* Action.appex in Embed App Extensions */,
			);
			name = "Embed App Extensions";
			runOnlyForDeploymentPostprocessing = 0;
		};
/* End PBXCopyFilesBuildPhase section */

/* Begin PBXFileReference section */
		0D8B9BF4ADFE2DA77BAC794C /* Pods_Scribd_Exporer.framework */ = {isa = PBXFileReference; explicitFileType = wrapper.framework; includeInIndex = 0; path = Pods_Scribd_Exporer.framework; sourceTree = BUILT_PRODUCTS_DIR; };
		1E12D561A13FABA1C40CC427 /* Pods-Scribd ExporerUITests.release.xcconfig */ = {isa = PBXFileReference; includeInIndex = 1; lastKnownFileType = text.xcconfig; name = "Pods-Scribd ExporerUITests.release.xcconfig"; path = "Pods/Target Support Files/Pods-Scribd ExporerUITests/Pods-Scribd ExporerUITests.release.xcconfig"; sourceTree = "<group>"; };
		249ACCE9B13FBA9A49B6E4E1 /* Pods_Scribd_ExporerTests.framework */ = {isa = PBXFileReference; explicitFileType = wrapper.framework; includeInIndex = 0; path = Pods_Scribd_ExporerTests.framework; sourceTree = BUILT_PRODUCTS_DIR; };
		256B841D59AA0551D20FD604 /* Pods-FreeYourPagesTests.debug.xcconfig */ = {isa = PBXFileReference; includeInIndex = 1; lastKnownFileType = text.xcconfig; name = "Pods-FreeYourPagesTests.debug.xcconfig"; path = "Pods/Target Support Files/Pods-FreeYourPagesTests/Pods-FreeYourPagesTests.debug.xcconfig"; sourceTree = "<group>"; };
		2AA26CDC2995DDF9495D376A /* Pods-FreeYourPagesTests.release.xcconfig */ = {isa = PBXFileReference; includeInIndex = 1; lastKnownFileType = text.xcconfig; name = "Pods-FreeYourPagesTests.release.xcconfig"; path = "Pods/Target Support Files/Pods-FreeYourPagesTests/Pods-FreeYourPagesTests.release.xcconfig"; sourceTree = "<group>"; };
		41C64586040738C789BE5EA6 /* Pods-Scribd Exporer.release.xcconfig */ = {isa = PBXFileReference; includeInIndex = 1; lastKnownFileType = text.xcconfig; name = "Pods-Scribd Exporer.release.xcconfig"; path = "Pods/Target Support Files/Pods-Scribd Exporer/Pods-Scribd Exporer.release.xcconfig"; sourceTree = "<group>"; };
		43199A501E12D4140073B182 /* FreeYourPages.app */ = {isa = PBXFileReference; explicitFileType = wrapper.application; includeInIndex = 0; path = FreeYourPages.app; sourceTree = BUILT_PRODUCTS_DIR; };
		43199A531E12D4140073B182 /* AppDelegate.swift */ = {isa = PBXFileReference; lastKnownFileType = sourcecode.swift; path = AppDelegate.swift; sourceTree = "<group>"; };
		43199A551E12D4140073B182 /* ViewController.swift */ = {isa = PBXFileReference; lastKnownFileType = sourcecode.swift; path = ViewController.swift; sourceTree = "<group>"; };
		43199A581E12D4140073B182 /* Base */ = {isa = PBXFileReference; lastKnownFileType = file.storyboard; name = Base; path = Base.lproj/Main.storyboard; sourceTree = "<group>"; };
		43199A5A1E12D4140073B182 /* Assets.xcassets */ = {isa = PBXFileReference; lastKnownFileType = folder.assetcatalog; path = Assets.xcassets; sourceTree = "<group>"; };
		43199A5D1E12D4140073B182 /* Base */ = {isa = PBXFileReference; lastKnownFileType = file.storyboard; name = Base; path = Base.lproj/LaunchScreen.storyboard; sourceTree = "<group>"; };
		43199A5F1E12D4140073B182 /* Info.plist */ = {isa = PBXFileReference; lastKnownFileType = text.plist.xml; path = Info.plist; sourceTree = "<group>"; };
		43199A641E12D4140073B182 /* FreeYourPagesTests.xctest */ = {isa = PBXFileReference; explicitFileType = wrapper.cfbundle; includeInIndex = 0; path = FreeYourPagesTests.xctest; sourceTree = BUILT_PRODUCTS_DIR; };
		43199A681E12D4140073B182 /* Scribd_ExporerTests.swift */ = {isa = PBXFileReference; lastKnownFileType = sourcecode.swift; path = Scribd_ExporerTests.swift; sourceTree = "<group>"; };
		43199A6A1E12D4140073B182 /* Info.plist */ = {isa = PBXFileReference; lastKnownFileType = text.plist.xml; path = Info.plist; sourceTree = "<group>"; };
		43199A6F1E12D4140073B182 /* FreeYourPagesUITests.xctest */ = {isa = PBXFileReference; explicitFileType = wrapper.cfbundle; includeInIndex = 0; path = FreeYourPagesUITests.xctest; sourceTree = BUILT_PRODUCTS_DIR; };
		43199A731E12D4140073B182 /* Scribd_ExporerUITests.swift */ = {isa = PBXFileReference; lastKnownFileType = sourcecode.swift; path = Scribd_ExporerUITests.swift; sourceTree = "<group>"; };
		43199A751E12D4140073B182 /* Info.plist */ = {isa = PBXFileReference; lastKnownFileType = text.plist.xml; path = Info.plist; sourceTree = "<group>"; };
		43199A981E12D6160073B182 /* Action.appex */ = {isa = PBXFileReference; explicitFileType = "wrapper.app-extension"; includeInIndex = 0; path = Action.appex; sourceTree = BUILT_PRODUCTS_DIR; };
		43199A9A1E12D6160073B182 /* ActionViewController.swift */ = {isa = PBXFileReference; lastKnownFileType = sourcecode.swift; path = ActionViewController.swift; sourceTree = "<group>"; };
		43199A9D1E12D6160073B182 /* Base */ = {isa = PBXFileReference; lastKnownFileType = file.storyboard; name = Base; path = Base.lproj/MainInterface.storyboard; sourceTree = "<group>"; };
		43199A9F1E12D6160073B182 /* Info.plist */ = {isa = PBXFileReference; lastKnownFileType = text.plist.xml; path = Info.plist; sourceTree = "<group>"; };
		4361BD3F1E1478A10066A0F4 /* ScribdController.swift */ = {isa = PBXFileReference; fileEncoding = 4; lastKnownFileType = sourcecode.swift; path = ScribdController.swift; sourceTree = "<group>"; };
		4361BD421E1486240066A0F4 /* PopupDelegate.swift */ = {isa = PBXFileReference; fileEncoding = 4; lastKnownFileType = sourcecode.swift; path = PopupDelegate.swift; sourceTree = "<group>"; };
		4361BD451E1524780066A0F4 /* Scribd.swift */ = {isa = PBXFileReference; fileEncoding = 4; lastKnownFileType = sourcecode.swift; path = Scribd.swift; sourceTree = "<group>"; };
		43B1A7AF1E1432F8007BAD65 /* MyButton.swift */ = {isa = PBXFileReference; fileEncoding = 4; lastKnownFileType = sourcecode.swift; path = MyButton.swift; sourceTree = "<group>"; };
		43DD0B991E15BDD2008DD8C8 /* Action.entitlements */ = {isa = PBXFileReference; lastKnownFileType = text.plist.entitlements; path = Action.entitlements; sourceTree = "<group>"; };
		43DD0B9A1E15BDDF008DD8C8 /* FreeYourPages.entitlements */ = {isa = PBXFileReference; lastKnownFileType = text.plist.entitlements; path = FreeYourPages.entitlements; sourceTree = "<group>"; };
		4F5427CB5FD38F7C5563402F /* Pods-Scribd ExporerTests.debug.xcconfig */ = {isa = PBXFileReference; includeInIndex = 1; lastKnownFileType = text.xcconfig; name = "Pods-Scribd ExporerTests.debug.xcconfig"; path = "Pods/Target Support Files/Pods-Scribd ExporerTests/Pods-Scribd ExporerTests.debug.xcconfig"; sourceTree = "<group>"; };
		745A7F8E49053E738B55D012 /* Pods-Scribd Exporer.debug.xcconfig */ = {isa = PBXFileReference; includeInIndex = 1; lastKnownFileType = text.xcconfig; name = "Pods-Scribd Exporer.debug.xcconfig"; path = "Pods/Target Support Files/Pods-Scribd Exporer/Pods-Scribd Exporer.debug.xcconfig"; sourceTree = "<group>"; };
		82015073A62AE16130A6138B /* Pods-Scribd ExporerTests.release.xcconfig */ = {isa = PBXFileReference; includeInIndex = 1; lastKnownFileType = text.xcconfig; name = "Pods-Scribd ExporerTests.release.xcconfig"; path = "Pods/Target Support Files/Pods-Scribd ExporerTests/Pods-Scribd ExporerTests.release.xcconfig"; sourceTree = "<group>"; };
		A7EE2BE200340A45E6C48985 /* Pods_FreeYourPagesTests.framework */ = {isa = PBXFileReference; explicitFileType = wrapper.framework; includeInIndex = 0; path = Pods_FreeYourPagesTests.framework; sourceTree = BUILT_PRODUCTS_DIR; };
		AF4F3CE939A99A8C11B9C5E1 /* Pods-Scribd ExporerUITests.debug.xcconfig */ = {isa = PBXFileReference; includeInIndex = 1; lastKnownFileType = text.xcconfig; name = "Pods-Scribd ExporerUITests.debug.xcconfig"; path = "Pods/Target Support Files/Pods-Scribd ExporerUITests/Pods-Scribd ExporerUITests.debug.xcconfig"; sourceTree = "<group>"; };
		BBC95F8A4677C1221FE1006A /* Pods-Action.release.xcconfig */ = {isa = PBXFileReference; includeInIndex = 1; lastKnownFileType = text.xcconfig; name = "Pods-Action.release.xcconfig"; path = "Pods/Target Support Files/Pods-Action/Pods-Action.release.xcconfig"; sourceTree = "<group>"; };
		DA4494C80F6E8AEC05A39BFD /* Pods-Action.debug.xcconfig */ = {isa = PBXFileReference; includeInIndex = 1; lastKnownFileType = text.xcconfig; name = "Pods-Action.debug.xcconfig"; path = "Pods/Target Support Files/Pods-Action/Pods-Action.debug.xcconfig"; sourceTree = "<group>"; };
		DFD46F7C1EC3EDC856DC3732 /* Pods-FreeYourPagesUITests.debug.xcconfig */ = {isa = PBXFileReference; includeInIndex = 1; lastKnownFileType = text.xcconfig; name = "Pods-FreeYourPagesUITests.debug.xcconfig"; path = "Pods/Target Support Files/Pods-FreeYourPagesUITests/Pods-FreeYourPagesUITests.debug.xcconfig"; sourceTree = "<group>"; };
		E502056A09378279E36AD799 /* Pods_Scribd_ExporerUITests.framework */ = {isa = PBXFileReference; explicitFileType = wrapper.framework; includeInIndex = 0; path = Pods_Scribd_ExporerUITests.framework; sourceTree = BUILT_PRODUCTS_DIR; };
		E792CBDC14017096A4507F09 /* Pods_Action.framework */ = {isa = PBXFileReference; explicitFileType = wrapper.framework; includeInIndex = 0; path = Pods_Action.framework; sourceTree = BUILT_PRODUCTS_DIR; };
		F3CC24D6ECADE68EBEBD142B /* Pods-FreeYourPages.debug.xcconfig */ = {isa = PBXFileReference; includeInIndex = 1; lastKnownFileType = text.xcconfig; name = "Pods-FreeYourPages.debug.xcconfig"; path = "Pods/Target Support Files/Pods-FreeYourPages/Pods-FreeYourPages.debug.xcconfig"; sourceTree = "<group>"; };
		F8B55FBE38BB08D51522C3C3 /* Pods_FreeYourPagesUITests.framework */ = {isa = PBXFileReference; explicitFileType = wrapper.framework; includeInIndex = 0; path = Pods_FreeYourPagesUITests.framework; sourceTree = BUILT_PRODUCTS_DIR; };
		F91F14E3D2513A3FD612C5FE /* Pods-FreeYourPagesUITests.release.xcconfig */ = {isa = PBXFileReference; includeInIndex = 1; lastKnownFileType = text.xcconfig; name = "Pods-FreeYourPagesUITests.release.xcconfig"; path = "Pods/Target Support Files/Pods-FreeYourPagesUITests/Pods-FreeYourPagesUITests.release.xcconfig"; sourceTree = "<group>"; };
		FEA8323AF06E95AF7399CE36 /* Pods_FreeYourPages.framework */ = {isa = PBXFileReference; explicitFileType = wrapper.framework; includeInIndex = 0; path = Pods_FreeYourPages.framework; sourceTree = BUILT_PRODUCTS_DIR; };
		FFACB814A5A897B568058E15 /* Pods-FreeYourPages.release.xcconfig */ = {isa = PBXFileReference; includeInIndex = 1; lastKnownFileType = text.xcconfig; name = "Pods-FreeYourPages.release.xcconfig"; path = "Pods/Target Support Files/Pods-FreeYourPages/Pods-FreeYourPages.release.xcconfig"; sourceTree = "<group>"; };
/* End PBXFileReference section */

/* Begin PBXFrameworksBuildPhase section */
		43199A4D1E12D4130073B182 /* Frameworks */ = {
			isa = PBXFrameworksBuildPhase;
			buildActionMask = 2147483647;
			files = (
				5892EA38613E61499E4C5483 /* Pods_FreeYourPages.framework in Frameworks */,
			);
			runOnlyForDeploymentPostprocessing = 0;
		};
		43199A611E12D4140073B182 /* Frameworks */ = {
			isa = PBXFrameworksBuildPhase;
			buildActionMask = 2147483647;
			files = (
				C0833C5FCE8006D3D1F0BA21 /* Pods_Scribd_ExporerTests.framework in Frameworks */,
				905C4A1AF5858ED7437459E0 /* Pods_FreeYourPagesTests.framework in Frameworks */,
			);
			runOnlyForDeploymentPostprocessing = 0;
		};
		43199A6C1E12D4140073B182 /* Frameworks */ = {
			isa = PBXFrameworksBuildPhase;
			buildActionMask = 2147483647;
			files = (
				6C5FB016E23AD34C185809B5 /* Pods_Scribd_ExporerUITests.framework in Frameworks */,
				EB784D1EBF447840FD2E8F7F /* Pods_FreeYourPagesUITests.framework in Frameworks */,
			);
			runOnlyForDeploymentPostprocessing = 0;
		};
		43199A951E12D6160073B182 /* Frameworks */ = {
			isa = PBXFrameworksBuildPhase;
			buildActionMask = 2147483647;
			files = (
				43C8B8E6F9E5B57B7BF13E42 /* Pods_Action.framework in Frameworks */,
			);
			runOnlyForDeploymentPostprocessing = 0;
		};
/* End PBXFrameworksBuildPhase section */

/* Begin PBXGroup section */
		325D5AAD3200FEB6DFC4840D /* Frameworks */ = {
			isa = PBXGroup;
			children = (
				E792CBDC14017096A4507F09 /* Pods_Action.framework */,
				0D8B9BF4ADFE2DA77BAC794C /* Pods_Scribd_Exporer.framework */,
				249ACCE9B13FBA9A49B6E4E1 /* Pods_Scribd_ExporerTests.framework */,
				E502056A09378279E36AD799 /* Pods_Scribd_ExporerUITests.framework */,
				FEA8323AF06E95AF7399CE36 /* Pods_FreeYourPages.framework */,
				A7EE2BE200340A45E6C48985 /* Pods_FreeYourPagesTests.framework */,
				F8B55FBE38BB08D51522C3C3 /* Pods_FreeYourPagesUITests.framework */,
			);
			name = Frameworks;
			sourceTree = "<group>";
		};
		43199A471E12D4130073B182 = {
			isa = PBXGroup;
			children = (
				43199A991E12D6160073B182 /* Action */,
				325D5AAD3200FEB6DFC4840D /* Frameworks */,
				43199A521E12D4140073B182 /* FreeYourPages */,
				43199A671E12D4140073B182 /* FreeYourPagesTests */,
				43199A721E12D4140073B182 /* FreeYourPagesUITests */,
				97E4CD4644D5F32BD71634A8 /* Pods */,
				43199A511E12D4140073B182 /* Products */,
			);
			sourceTree = "<group>";
		};
		43199A511E12D4140073B182 /* Products */ = {
			isa = PBXGroup;
			children = (
				43199A501E12D4140073B182 /* FreeYourPages.app */,
				43199A641E12D4140073B182 /* FreeYourPagesTests.xctest */,
				43199A6F1E12D4140073B182 /* FreeYourPagesUITests.xctest */,
				43199A981E12D6160073B182 /* Action.appex */,
			);
			name = Products;
			sourceTree = "<group>";
		};
		43199A521E12D4140073B182 /* FreeYourPages */ = {
			isa = PBXGroup;
			children = (
				43DD0B9A1E15BDDF008DD8C8 /* FreeYourPages.entitlements */,
				43199A531E12D4140073B182 /* AppDelegate.swift */,
				43199A5A1E12D4140073B182 /* Assets.xcassets */,
				43199A5F1E12D4140073B182 /* Info.plist */,
				43199A5C1E12D4140073B182 /* LaunchScreen.storyboard */,
				43199A571E12D4140073B182 /* Main.storyboard */,
				43B1A7AF1E1432F8007BAD65 /* MyButton.swift */,
				4361BD421E1486240066A0F4 /* PopupDelegate.swift */,
				4361BD451E1524780066A0F4 /* Scribd.swift */,
				4361BD3F1E1478A10066A0F4 /* ScribdController.swift */,
				43199A551E12D4140073B182 /* ViewController.swift */,
			);
			path = FreeYourPages;
			sourceTree = "<group>";
		};
		43199A671E12D4140073B182 /* FreeYourPagesTests */ = {
			isa = PBXGroup;
			children = (
				43199A6A1E12D4140073B182 /* Info.plist */,
				43199A681E12D4140073B182 /* Scribd_ExporerTests.swift */,
			);
			path = FreeYourPagesTests;
			sourceTree = "<group>";
		};
		43199A721E12D4140073B182 /* FreeYourPagesUITests */ = {
			isa = PBXGroup;
			children = (
				43199A751E12D4140073B182 /* Info.plist */,
				43199A731E12D4140073B182 /* Scribd_ExporerUITests.swift */,
			);
			path = FreeYourPagesUITests;
			sourceTree = "<group>";
		};
		43199A991E12D6160073B182 /* Action */ = {
			isa = PBXGroup;
			children = (
				43DD0B991E15BDD2008DD8C8 /* Action.entitlements */,
				43199A9A1E12D6160073B182 /* ActionViewController.swift */,
				43199A9F1E12D6160073B182 /* Info.plist */,
				43199A9C1E12D6160073B182 /* MainInterface.storyboard */,
			);
			path = Action;
			sourceTree = "<group>";
		};
		97E4CD4644D5F32BD71634A8 /* Pods */ = {
			isa = PBXGroup;
			children = (
				DA4494C80F6E8AEC05A39BFD /* Pods-Action.debug.xcconfig */,
				BBC95F8A4677C1221FE1006A /* Pods-Action.release.xcconfig */,
				745A7F8E49053E738B55D012 /* Pods-Scribd Exporer.debug.xcconfig */,
				41C64586040738C789BE5EA6 /* Pods-Scribd Exporer.release.xcconfig */,
				4F5427CB5FD38F7C5563402F /* Pods-Scribd ExporerTests.debug.xcconfig */,
				82015073A62AE16130A6138B /* Pods-Scribd ExporerTests.release.xcconfig */,
				AF4F3CE939A99A8C11B9C5E1 /* Pods-Scribd ExporerUITests.debug.xcconfig */,
				1E12D561A13FABA1C40CC427 /* Pods-Scribd ExporerUITests.release.xcconfig */,
				F3CC24D6ECADE68EBEBD142B /* Pods-FreeYourPages.debug.xcconfig */,
				FFACB814A5A897B568058E15 /* Pods-FreeYourPages.release.xcconfig */,
				256B841D59AA0551D20FD604 /* Pods-FreeYourPagesTests.debug.xcconfig */,
				2AA26CDC2995DDF9495D376A /* Pods-FreeYourPagesTests.release.xcconfig */,
				DFD46F7C1EC3EDC856DC3732 /* Pods-FreeYourPagesUITests.debug.xcconfig */,
				F91F14E3D2513A3FD612C5FE /* Pods-FreeYourPagesUITests.release.xcconfig */,
			);
			name = Pods;
			sourceTree = "<group>";
		};
/* End PBXGroup section */

/* Begin PBXNativeTarget section */
		43199A4F1E12D4130073B182 /* FreeYourPages */ = {
			isa = PBXNativeTarget;
			buildConfigurationList = 43199A781E12D4140073B182 /* Build configuration list for PBXNativeTarget "FreeYourPages" */;
			buildPhases = (
				841AD7546BFFDF8475514B90 /* [CP] Check Pods Manifest.lock */,
				43199A4C1E12D4130073B182 /* Sources */,
				43199A4D1E12D4130073B182 /* Frameworks */,
				43199A4E1E12D4130073B182 /* Resources */,
				43199A931E12D46C0073B182 /* Embed App Extensions */,
				EFFE91B6D6C554B66781BA28 /* [CP] Embed Pods Frameworks */,
				E6C99D5536CA8B34A1ACA63D /* [CP] Copy Pods Resources */,
			);
			buildRules = (
			);
			dependencies = (
				43199AA11E12D6160073B182 /* PBXTargetDependency */,
			);
			name = FreeYourPages;
			productName = "Scribd Exporer";
			productReference = 43199A501E12D4140073B182 /* FreeYourPages.app */;
			productType = "com.apple.product-type.application";
		};
		43199A631E12D4140073B182 /* FreeYourPagesTests */ = {
			isa = PBXNativeTarget;
			buildConfigurationList = 43199A7B1E12D4140073B182 /* Build configuration list for PBXNativeTarget "FreeYourPagesTests" */;
			buildPhases = (
				B728524235B57E9C6B87BEE2 /* [CP] Check Pods Manifest.lock */,
				43199A601E12D4140073B182 /* Sources */,
				43199A611E12D4140073B182 /* Frameworks */,
				43199A621E12D4140073B182 /* Resources */,
				9468034404FF42E65A456AB9 /* [CP] Embed Pods Frameworks */,
				37A4D611BDB19BE00061BF39 /* [CP] Copy Pods Resources */,
			);
			buildRules = (
			);
			dependencies = (
				43199A661E12D4140073B182 /* PBXTargetDependency */,
			);
			name = FreeYourPagesTests;
			productName = "Scribd ExporerTests";
			productReference = 43199A641E12D4140073B182 /* FreeYourPagesTests.xctest */;
			productType = "com.apple.product-type.bundle.unit-test";
		};
		43199A6E1E12D4140073B182 /* FreeYourPagesUITests */ = {
			isa = PBXNativeTarget;
			buildConfigurationList = 43199A7E1E12D4140073B182 /* Build configuration list for PBXNativeTarget "FreeYourPagesUITests" */;
			buildPhases = (
				00561D5C3AA1BA7B4CA40233 /* [CP] Check Pods Manifest.lock */,
				43199A6B1E12D4140073B182 /* Sources */,
				43199A6C1E12D4140073B182 /* Frameworks */,
				43199A6D1E12D4140073B182 /* Resources */,
				31C712B3DBE045195B547992 /* [CP] Embed Pods Frameworks */,
				7B1FD9C4F56845998A850B9D /* [CP] Copy Pods Resources */,
			);
			buildRules = (
			);
			dependencies = (
				43199A711E12D4140073B182 /* PBXTargetDependency */,
			);
			name = FreeYourPagesUITests;
			productName = "Scribd ExporerUITests";
			productReference = 43199A6F1E12D4140073B182 /* FreeYourPagesUITests.xctest */;
			productType = "com.apple.product-type.bundle.ui-testing";
		};
		43199A971E12D6160073B182 /* Action */ = {
			isa = PBXNativeTarget;
			buildConfigurationList = 43199AA31E12D6160073B182 /* Build configuration list for PBXNativeTarget "Action" */;
			buildPhases = (
				4A40907428DCC13E1179D6EB /* [CP] Check Pods Manifest.lock */,
				43199A941E12D6160073B182 /* Sources */,
				43199A951E12D6160073B182 /* Frameworks */,
				43199A961E12D6160073B182 /* Resources */,
				0E734A237CF41CD4CEB9F11F /* [CP] Copy Pods Resources */,
			);
			buildRules = (
			);
			dependencies = (
			);
			name = Action;
			productName = Action;
			productReference = 43199A981E12D6160073B182 /* Action.appex */;
			productType = "com.apple.product-type.app-extension";
		};
/* End PBXNativeTarget section */

/* Begin PBXProject section */
		43199A481E12D4130073B182 /* Project object */ = {
			isa = PBXProject;
			attributes = {
				LastSwiftUpdateCheck = 0820;
				LastUpgradeCheck = 0820;
				ORGANIZATIONNAME = "Nathaniel Higgins";
				TargetAttributes = {
					43199A4F1E12D4130073B182 = {
						CreatedOnToolsVersion = 8.2.1;
						DevelopmentTeam = 9BGC585V62;
						ProvisioningStyle = Automatic;
						SystemCapabilities = {
							com.apple.Keychain = {
								enabled = 1;
							};
						};
					};
					43199A631E12D4140073B182 = {
						CreatedOnToolsVersion = 8.2.1;
						ProvisioningStyle = Automatic;
						TestTargetID = 43199A4F1E12D4130073B182;
					};
					43199A6E1E12D4140073B182 = {
						CreatedOnToolsVersion = 8.2.1;
						ProvisioningStyle = Automatic;
						TestTargetID = 43199A4F1E12D4130073B182;
					};
					43199A971E12D6160073B182 = {
						CreatedOnToolsVersion = 8.2.1;
						DevelopmentTeam = 9BGC585V62;
						ProvisioningStyle = Automatic;
						SystemCapabilities = {
							com.apple.Keychain = {
								enabled = 1;
							};
						};
					};
				};
			};
			buildConfigurationList = 43199A4B1E12D4130073B182 /* Build configuration list for PBXProject "FreeYourPages" */;
			compatibilityVersion = "Xcode 3.2";
			developmentRegion = English;
			hasScannedForEncodings = 0;
			knownRegions = (
				en,
				Base,
			);
			mainGroup = 43199A471E12D4130073B182;
			productRefGroup = 43199A511E12D4140073B182 /* Products */;
			projectDirPath = "";
			projectRoot = "";
			targets = (
				43199A4F1E12D4130073B182 /* FreeYourPages */,
				43199A631E12D4140073B182 /* FreeYourPagesTests */,
				43199A6E1E12D4140073B182 /* FreeYourPagesUITests */,
				43199A971E12D6160073B182 /* Action */,
			);
		};
/* End PBXProject section */

/* Begin PBXResourcesBuildPhase section */
		43199A4E1E12D4130073B182 /* Resources */ = {
			isa = PBXResourcesBuildPhase;
			buildActionMask = 2147483647;
			files = (
				43199A5E1E12D4140073B182 /* LaunchScreen.storyboard in Resources */,
				43199A5B1E12D4140073B182 /* Assets.xcassets in Resources */,
				43199A591E12D4140073B182 /* Main.storyboard in Resources */,
			);
			runOnlyForDeploymentPostprocessing = 0;
		};
		43199A621E12D4140073B182 /* Resources */ = {
			isa = PBXResourcesBuildPhase;
			buildActionMask = 2147483647;
			files = (
			);
			runOnlyForDeploymentPostprocessing = 0;
		};
		43199A6D1E12D4140073B182 /* Resources */ = {
			isa = PBXResourcesBuildPhase;
			buildActionMask = 2147483647;
			files = (
			);
			runOnlyForDeploymentPostprocessing = 0;
		};
		43199A961E12D6160073B182 /* Resources */ = {
			isa = PBXResourcesBuildPhase;
			buildActionMask = 2147483647;
			files = (
				43199A9E1E12D6160073B182 /* MainInterface.storyboard in Resources */,
			);
			runOnlyForDeploymentPostprocessing = 0;
		};
/* End PBXResourcesBuildPhase section */

/* Begin PBXShellScriptBuildPhase section */
		00561D5C3AA1BA7B4CA40233 /* [CP] Check Pods Manifest.lock */ = {
			isa = PBXShellScriptBuildPhase;
			buildActionMask = 2147483647;
			files = (
			);
			inputPaths = (
			);
			name = "[CP] Check Pods Manifest.lock";
			outputPaths = (
			);
			runOnlyForDeploymentPostprocessing = 0;
			shellPath = /bin/sh;
			shellScript = "diff \"${PODS_ROOT}/../Podfile.lock\" \"${PODS_ROOT}/Manifest.lock\" > /dev/null\nif [ $? != 0 ] ; then\n    # print error to STDERR\n    echo \"error: The sandbox is not in sync with the Podfile.lock. Run 'pod install' or update your CocoaPods installation.\" >&2\n    exit 1\nfi\n";
			showEnvVarsInLog = 0;
		};
		0E734A237CF41CD4CEB9F11F /* [CP] Copy Pods Resources */ = {
			isa = PBXShellScriptBuildPhase;
			buildActionMask = 2147483647;
			files = (
			);
			inputPaths = (
			);
			name = "[CP] Copy Pods Resources";
			outputPaths = (
			);
			runOnlyForDeploymentPostprocessing = 0;
			shellPath = /bin/sh;
			shellScript = "\"${SRCROOT}/Pods/Target Support Files/Pods-Action/Pods-Action-resources.sh\"\n";
			showEnvVarsInLog = 0;
		};
		31C712B3DBE045195B547992 /* [CP] Embed Pods Frameworks */ = {
			isa = PBXShellScriptBuildPhase;
			buildActionMask = 2147483647;
			files = (
			);
			inputPaths = (
			);
			name = "[CP] Embed Pods Frameworks";
			outputPaths = (
			);
			runOnlyForDeploymentPostprocessing = 0;
			shellPath = /bin/sh;
			shellScript = "\"${SRCROOT}/Pods/Target Support Files/Pods-FreeYourPagesUITests/Pods-FreeYourPagesUITests-frameworks.sh\"\n";
			showEnvVarsInLog = 0;
		};
		37A4D611BDB19BE00061BF39 /* [CP] Copy Pods Resources */ = {
			isa = PBXShellScriptBuildPhase;
			buildActionMask = 2147483647;
			files = (
			);
			inputPaths = (
			);
			name = "[CP] Copy Pods Resources";
			outputPaths = (
			);
			runOnlyForDeploymentPostprocessing = 0;
			shellPath = /bin/sh;
			shellScript = "\"${SRCROOT}/Pods/Target Support Files/Pods-FreeYourPagesTests/Pods-FreeYourPagesTests-resources.sh\"\n";
			showEnvVarsInLog = 0;
		};
		4A40907428DCC13E1179D6EB /* [CP] Check Pods Manifest.lock */ = {
			isa = PBXShellScriptBuildPhase;
			buildActionMask = 2147483647;
			files = (
			);
			inputPaths = (
			);
			name = "[CP] Check Pods Manifest.lock";
			outputPaths = (
			);
			runOnlyForDeploymentPostprocessing = 0;
			shellPath = /bin/sh;
			shellScript = "diff \"${PODS_ROOT}/../Podfile.lock\" \"${PODS_ROOT}/Manifest.lock\" > /dev/null\nif [ $? != 0 ] ; then\n    # print error to STDERR\n    echo \"error: The sandbox is not in sync with the Podfile.lock. Run 'pod install' or update your CocoaPods installation.\" >&2\n    exit 1\nfi\n";
			showEnvVarsInLog = 0;
		};
		7B1FD9C4F56845998A850B9D /* [CP] Copy Pods Resources */ = {
			isa = PBXShellScriptBuildPhase;
			buildActionMask = 2147483647;
			files = (
			);
			inputPaths = (
			);
			name = "[CP] Copy Pods Resources";
			outputPaths = (
			);
			runOnlyForDeploymentPostprocessing = 0;
			shellPath = /bin/sh;
			shellScript = "\"${SRCROOT}/Pods/Target Support Files/Pods-FreeYourPagesUITests/Pods-FreeYourPagesUITests-resources.sh\"\n";
			showEnvVarsInLog = 0;
		};
		841AD7546BFFDF8475514B90 /* [CP] Check Pods Manifest.lock */ = {
			isa = PBXShellScriptBuildPhase;
			buildActionMask = 2147483647;
			files = (
			);
			inputPaths = (
			);
			name = "[CP] Check Pods Manifest.lock";
			outputPaths = (
			);
			runOnlyForDeploymentPostprocessing = 0;
			shellPath = /bin/sh;
			shellScript = "diff \"${PODS_ROOT}/../Podfile.lock\" \"${PODS_ROOT}/Manifest.lock\" > /dev/null\nif [ $? != 0 ] ; then\n    # print error to STDERR\n    echo \"error: The sandbox is not in sync with the Podfile.lock. Run 'pod install' or update your CocoaPods installation.\" >&2\n    exit 1\nfi\n";
			showEnvVarsInLog = 0;
		};
		9468034404FF42E65A456AB9 /* [CP] Embed Pods Frameworks */ = {
			isa = PBXShellScriptBuildPhase;
			buildActionMask = 2147483647;
			files = (
			);
			inputPaths = (
			);
			name = "[CP] Embed Pods Frameworks";
			outputPaths = (
			);
			runOnlyForDeploymentPostprocessing = 0;
			shellPath = /bin/sh;
			shellScript = "\"${SRCROOT}/Pods/Target Support Files/Pods-FreeYourPagesTests/Pods-FreeYourPagesTests-frameworks.sh\"\n";
			showEnvVarsInLog = 0;
		};
		B728524235B57E9C6B87BEE2 /* [CP] Check Pods Manifest.lock */ = {
			isa = PBXShellScriptBuildPhase;
			buildActionMask = 2147483647;
			files = (
			);
			inputPaths = (
			);
			name = "[CP] Check Pods Manifest.lock";
			outputPaths = (
			);
			runOnlyForDeploymentPostprocessing = 0;
			shellPath = /bin/sh;
			shellScript = "diff \"${PODS_ROOT}/../Podfile.lock\" \"${PODS_ROOT}/Manifest.lock\" > /dev/null\nif [ $? != 0 ] ; then\n    # print error to STDERR\n    echo \"error: The sandbox is not in sync with the Podfile.lock. Run 'pod install' or update your CocoaPods installation.\" >&2\n    exit 1\nfi\n";
			showEnvVarsInLog = 0;
		};
		E6C99D5536CA8B34A1ACA63D /* [CP] Copy Pods Resources */ = {
			isa = PBXShellScriptBuildPhase;
			buildActionMask = 2147483647;
			files = (
			);
			inputPaths = (
			);
			name = "[CP] Copy Pods Resources";
			outputPaths = (
			);
			runOnlyForDeploymentPostprocessing = 0;
			shellPath = /bin/sh;
			shellScript = "\"${SRCROOT}/Pods/Target Support Files/Pods-FreeYourPages/Pods-FreeYourPages-resources.sh\"\n";
			showEnvVarsInLog = 0;
		};
		EFFE91B6D6C554B66781BA28 /* [CP] Embed Pods Frameworks */ = {
			isa = PBXShellScriptBuildPhase;
			buildActionMask = 2147483647;
			files = (
			);
			inputPaths = (
			);
			name = "[CP] Embed Pods Frameworks";
			outputPaths = (
			);
			runOnlyForDeploymentPostprocessing = 0;
			shellPath = /bin/sh;
			shellScript = "\"${SRCROOT}/Pods/Target Support Files/Pods-FreeYourPages/Pods-FreeYourPages-frameworks.sh\"\n";
			showEnvVarsInLog = 0;
		};
/* End PBXShellScriptBuildPhase section */

/* Begin PBXSourcesBuildPhase section */
		43199A4C1E12D4130073B182 /* Sources */ = {
			isa = PBXSourcesBuildPhase;
			buildActionMask = 2147483647;
			files = (
				4361BD401E1478A10066A0F4 /* ScribdController.swift in Sources */,
				43199A561E12D4140073B182 /* ViewController.swift in Sources */,
				4361BD461E1524780066A0F4 /* Scribd.swift in Sources */,
				43199A541E12D4140073B182 /* AppDelegate.swift in Sources */,
				4361BD431E1486240066A0F4 /* PopupDelegate.swift in Sources */,
				43B1A7B01E1432F8007BAD65 /* MyButton.swift in Sources */,
			);
			runOnlyForDeploymentPostprocessing = 0;
		};
		43199A601E12D4140073B182 /* Sources */ = {
			isa = PBXSourcesBuildPhase;
			buildActionMask = 2147483647;
			files = (
				43199A691E12D4140073B182 /* Scribd_ExporerTests.swift in Sources */,
			);
			runOnlyForDeploymentPostprocessing = 0;
		};
		43199A6B1E12D4140073B182 /* Sources */ = {
			isa = PBXSourcesBuildPhase;
			buildActionMask = 2147483647;
			files = (
				43199A741E12D4140073B182 /* Scribd_ExporerUITests.swift in Sources */,
			);
			runOnlyForDeploymentPostprocessing = 0;
		};
		43199A941E12D6160073B182 /* Sources */ = {
			isa = PBXSourcesBuildPhase;
			buildActionMask = 2147483647;
			files = (
				4361BD471E15258A0066A0F4 /* Scribd.swift in Sources */,
				43199A9B1E12D6160073B182 /* ActionViewController.swift in Sources */,
			);
			runOnlyForDeploymentPostprocessing = 0;
		};
/* End PBXSourcesBuildPhase section */

/* Begin PBXTargetDependency section */
		43199A661E12D4140073B182 /* PBXTargetDependency */ = {
			isa = PBXTargetDependency;
			target = 43199A4F1E12D4130073B182 /* FreeYourPages */;
			targetProxy = 43199A651E12D4140073B182 /* PBXContainerItemProxy */;
		};
		43199A711E12D4140073B182 /* PBXTargetDependency */ = {
			isa = PBXTargetDependency;
			target = 43199A4F1E12D4130073B182 /* FreeYourPages */;
			targetProxy = 43199A701E12D4140073B182 /* PBXContainerItemProxy */;
		};
		43199AA11E12D6160073B182 /* PBXTargetDependency */ = {
			isa = PBXTargetDependency;
			target = 43199A971E12D6160073B182 /* Action */;
			targetProxy = 43199AA01E12D6160073B182 /* PBXContainerItemProxy */;
		};
/* End PBXTargetDependency section */

/* Begin PBXVariantGroup section */
		43199A571E12D4140073B182 /* Main.storyboard */ = {
			isa = PBXVariantGroup;
			children = (
				43199A581E12D4140073B182 /* Base */,
			);
			name = Main.storyboard;
			path = .;
			sourceTree = "<group>";
		};
		43199A5C1E12D4140073B182 /* LaunchScreen.storyboard */ = {
			isa = PBXVariantGroup;
			children = (
				43199A5D1E12D4140073B182 /* Base */,
			);
			name = LaunchScreen.storyboard;
			path = .;
			sourceTree = "<group>";
		};
		43199A9C1E12D6160073B182 /* MainInterface.storyboard */ = {
			isa = PBXVariantGroup;
			children = (
				43199A9D1E12D6160073B182 /* Base */,
			);
			name = MainInterface.storyboard;
			path = .;
			sourceTree = "<group>";
		};
/* End PBXVariantGroup section */

/* Begin XCBuildConfiguration section */
		43199A761E12D4140073B182 /* Debug */ = {
			isa = XCBuildConfiguration;
			buildSettings = {
				ALWAYS_SEARCH_USER_PATHS = NO;
				CLANG_ANALYZER_NONNULL = YES;
				CLANG_CXX_LANGUAGE_STANDARD = "gnu++0x";
				CLANG_CXX_LIBRARY = "libc++";
				CLANG_ENABLE_MODULES = YES;
				CLANG_ENABLE_OBJC_ARC = YES;
				CLANG_WARN_BOOL_CONVERSION = YES;
				CLANG_WARN_CONSTANT_CONVERSION = YES;
				CLANG_WARN_DIRECT_OBJC_ISA_USAGE = YES_ERROR;
				CLANG_WARN_DOCUMENTATION_COMMENTS = YES;
				CLANG_WARN_EMPTY_BODY = YES;
				CLANG_WARN_ENUM_CONVERSION = YES;
				CLANG_WARN_INFINITE_RECURSION = YES;
				CLANG_WARN_INT_CONVERSION = YES;
				CLANG_WARN_OBJC_ROOT_CLASS = YES_ERROR;
				CLANG_WARN_SUSPICIOUS_MOVE = YES;
				CLANG_WARN_UNREACHABLE_CODE = YES;
				CLANG_WARN__DUPLICATE_METHOD_MATCH = YES;
				"CODE_SIGN_IDENTITY[sdk=iphoneos*]" = "iPhone Developer";
				COPY_PHASE_STRIP = NO;
				DEBUG_INFORMATION_FORMAT = dwarf;
				ENABLE_STRICT_OBJC_MSGSEND = YES;
				ENABLE_TESTABILITY = YES;
				GCC_C_LANGUAGE_STANDARD = gnu99;
				GCC_DYNAMIC_NO_PIC = NO;
				GCC_NO_COMMON_BLOCKS = YES;
				GCC_OPTIMIZATION_LEVEL = 0;
				GCC_PREPROCESSOR_DEFINITIONS = (
					"DEBUG=1",
					"$(inherited)",
				);
				GCC_WARN_64_TO_32_BIT_CONVERSION = YES;
				GCC_WARN_ABOUT_RETURN_TYPE = YES_ERROR;
				GCC_WARN_UNDECLARED_SELECTOR = YES;
				GCC_WARN_UNINITIALIZED_AUTOS = YES_AGGRESSIVE;
				GCC_WARN_UNUSED_FUNCTION = YES;
				GCC_WARN_UNUSED_VARIABLE = YES;
				IPHONEOS_DEPLOYMENT_TARGET = 10.2;
				MTL_ENABLE_DEBUG_INFO = YES;
				ONLY_ACTIVE_ARCH = YES;
				SDKROOT = iphoneos;
				SWIFT_ACTIVE_COMPILATION_CONDITIONS = DEBUG;
				SWIFT_OPTIMIZATION_LEVEL = "-Onone";
				TARGETED_DEVICE_FAMILY = "1,2";
			};
			name = Debug;
		};
		43199A771E12D4140073B182 /* Release */ = {
			isa = XCBuildConfiguration;
			buildSettings = {
				ALWAYS_SEARCH_USER_PATHS = NO;
				CLANG_ANALYZER_NONNULL = YES;
				CLANG_CXX_LANGUAGE_STANDARD = "gnu++0x";
				CLANG_CXX_LIBRARY = "libc++";
				CLANG_ENABLE_MODULES = YES;
				CLANG_ENABLE_OBJC_ARC = YES;
				CLANG_WARN_BOOL_CONVERSION = YES;
				CLANG_WARN_CONSTANT_CONVERSION = YES;
				CLANG_WARN_DIRECT_OBJC_ISA_USAGE = YES_ERROR;
				CLANG_WARN_DOCUMENTATION_COMMENTS = YES;
				CLANG_WARN_EMPTY_BODY = YES;
				CLANG_WARN_ENUM_CONVERSION = YES;
				CLANG_WARN_INFINITE_RECURSION = YES;
				CLANG_WARN_INT_CONVERSION = YES;
				CLANG_WARN_OBJC_ROOT_CLASS = YES_ERROR;
				CLANG_WARN_SUSPICIOUS_MOVE = YES;
				CLANG_WARN_UNREACHABLE_CODE = YES;
				CLANG_WARN__DUPLICATE_METHOD_MATCH = YES;
				"CODE_SIGN_IDENTITY[sdk=iphoneos*]" = "iPhone Developer";
				COPY_PHASE_STRIP = NO;
				DEBUG_INFORMATION_FORMAT = "dwarf-with-dsym";
				ENABLE_NS_ASSERTIONS = NO;
				ENABLE_STRICT_OBJC_MSGSEND = YES;
				GCC_C_LANGUAGE_STANDARD = gnu99;
				GCC_NO_COMMON_BLOCKS = YES;
				GCC_WARN_64_TO_32_BIT_CONVERSION = YES;
				GCC_WARN_ABOUT_RETURN_TYPE = YES_ERROR;
				GCC_WARN_UNDECLARED_SELECTOR = YES;
				GCC_WARN_UNINITIALIZED_AUTOS = YES_AGGRESSIVE;
				GCC_WARN_UNUSED_FUNCTION = YES;
				GCC_WARN_UNUSED_VARIABLE = YES;
				IPHONEOS_DEPLOYMENT_TARGET = 10.2;
				MTL_ENABLE_DEBUG_INFO = NO;
				SDKROOT = iphoneos;
				SWIFT_OPTIMIZATION_LEVEL = "-Owholemodule";
				TARGETED_DEVICE_FAMILY = "1,2";
				VALIDATE_PRODUCT = YES;
			};
			name = Release;
		};
		43199A791E12D4140073B182 /* Debug */ = {
			isa = XCBuildConfiguration;
			baseConfigurationReference = F3CC24D6ECADE68EBEBD142B /* Pods-FreeYourPages.debug.xcconfig */;
			buildSettings = {
				ALWAYS_EMBED_SWIFT_STANDARD_LIBRARIES = YES;
				ASSETCATALOG_COMPILER_APPICON_NAME = AppIcon;
				CODE_SIGN_ENTITLEMENTS = FreeYourPages/FreeYourPages.entitlements;
				DEVELOPMENT_TEAM = 9BGC585V62;
				INFOPLIST_FILE = FreeYourPages/Info.plist;
				LD_RUNPATH_SEARCH_PATHS = "$(inherited) @executable_path/Frameworks";
				PRODUCT_BUNDLE_IDENTIFIER = com.nathggns.FreeYourPages;
				PRODUCT_NAME = "$(TARGET_NAME)";
				SWIFT_VERSION = 3.0;
			};
			name = Debug;
		};
		43199A7A1E12D4140073B182 /* Release */ = {
			isa = XCBuildConfiguration;
			baseConfigurationReference = FFACB814A5A897B568058E15 /* Pods-FreeYourPages.release.xcconfig */;
			buildSettings = {
				ALWAYS_EMBED_SWIFT_STANDARD_LIBRARIES = YES;
				ASSETCATALOG_COMPILER_APPICON_NAME = AppIcon;
				CODE_SIGN_ENTITLEMENTS = FreeYourPages/FreeYourPages.entitlements;
				DEVELOPMENT_TEAM = 9BGC585V62;
				INFOPLIST_FILE = FreeYourPages/Info.plist;
				LD_RUNPATH_SEARCH_PATHS = "$(inherited) @executable_path/Frameworks";
				PRODUCT_BUNDLE_IDENTIFIER = com.nathggns.FreeYourPages;
				PRODUCT_NAME = "$(TARGET_NAME)";
				SWIFT_VERSION = 3.0;
			};
			name = Release;
		};
		43199A7C1E12D4140073B182 /* Debug */ = {
			isa = XCBuildConfiguration;
			baseConfigurationReference = 256B841D59AA0551D20FD604 /* Pods-FreeYourPagesTests.debug.xcconfig */;
			buildSettings = {
				ALWAYS_EMBED_SWIFT_STANDARD_LIBRARIES = YES;
				BUNDLE_LOADER = "$(TEST_HOST)";
				INFOPLIST_FILE = FreeYourPagesTests/Info.plist;
				LD_RUNPATH_SEARCH_PATHS = "$(inherited) @executable_path/Frameworks @loader_path/Frameworks";
				PRODUCT_BUNDLE_IDENTIFIER = "com.nathggns.Scribd-ExporerTests";
				PRODUCT_NAME = "$(TARGET_NAME)";
				SWIFT_VERSION = 3.0;
				TEST_HOST = "$(BUILT_PRODUCTS_DIR)/FreeYourPages.app/FreeYourPages";
			};
			name = Debug;
		};
		43199A7D1E12D4140073B182 /* Release */ = {
			isa = XCBuildConfiguration;
			baseConfigurationReference = 2AA26CDC2995DDF9495D376A /* Pods-FreeYourPagesTests.release.xcconfig */;
			buildSettings = {
				ALWAYS_EMBED_SWIFT_STANDARD_LIBRARIES = YES;
				BUNDLE_LOADER = "$(TEST_HOST)";
				INFOPLIST_FILE = FreeYourPagesTests/Info.plist;
				LD_RUNPATH_SEARCH_PATHS = "$(inherited) @executable_path/Frameworks @loader_path/Frameworks";
				PRODUCT_BUNDLE_IDENTIFIER = "com.nathggns.Scribd-ExporerTests";
				PRODUCT_NAME = "$(TARGET_NAME)";
				SWIFT_VERSION = 3.0;
				TEST_HOST = "$(BUILT_PRODUCTS_DIR)/FreeYourPages.app/FreeYourPages";
			};
			name = Release;
		};
		43199A7F1E12D4140073B182 /* Debug */ = {
			isa = XCBuildConfiguration;
			baseConfigurationReference = DFD46F7C1EC3EDC856DC3732 /* Pods-FreeYourPagesUITests.debug.xcconfig */;
			buildSettings = {
				ALWAYS_EMBED_SWIFT_STANDARD_LIBRARIES = YES;
				INFOPLIST_FILE = FreeYourPagesUITests/Info.plist;
				LD_RUNPATH_SEARCH_PATHS = "$(inherited) @executable_path/Frameworks @loader_path/Frameworks";
				PRODUCT_BUNDLE_IDENTIFIER = "com.nathggns.Scribd-ExporerUITests";
				PRODUCT_NAME = "$(TARGET_NAME)";
				SWIFT_VERSION = 3.0;
				TEST_TARGET_NAME = "Scribd Exporer";
			};
			name = Debug;
		};
		43199A801E12D4140073B182 /* Release */ = {
			isa = XCBuildConfiguration;
			baseConfigurationReference = F91F14E3D2513A3FD612C5FE /* Pods-FreeYourPagesUITests.release.xcconfig */;
			buildSettings = {
				ALWAYS_EMBED_SWIFT_STANDARD_LIBRARIES = YES;
				INFOPLIST_FILE = FreeYourPagesUITests/Info.plist;
				LD_RUNPATH_SEARCH_PATHS = "$(inherited) @executable_path/Frameworks @loader_path/Frameworks";
				PRODUCT_BUNDLE_IDENTIFIER = "com.nathggns.Scribd-ExporerUITests";
				PRODUCT_NAME = "$(TARGET_NAME)";
				SWIFT_VERSION = 3.0;
				TEST_TARGET_NAME = "Scribd Exporer";
			};
			name = Release;
		};
		43199AA41E12D6160073B182 /* Debug */ = {
			isa = XCBuildConfiguration;
			baseConfigurationReference = DA4494C80F6E8AEC05A39BFD /* Pods-Action.debug.xcconfig */;
			buildSettings = {
				CODE_SIGN_ENTITLEMENTS = Action/Action.entitlements;
				DEVELOPMENT_TEAM = 9BGC585V62;
				INFOPLIST_FILE = Action/Info.plist;
				LD_RUNPATH_SEARCH_PATHS = "$(inherited) @executable_path/Frameworks @executable_path/../../Frameworks";
				PRODUCT_BUNDLE_IDENTIFIER = com.nathggns.FreeYourPages.Action;
				PRODUCT_NAME = "$(TARGET_NAME)";
				SKIP_INSTALL = YES;
				SWIFT_VERSION = 3.0;
			};
			name = Debug;
		};
		43199AA51E12D6160073B182 /* Release */ = {
			isa = XCBuildConfiguration;
			baseConfigurationReference = BBC95F8A4677C1221FE1006A /* Pods-Action.release.xcconfig */;
			buildSettings = {
				CODE_SIGN_ENTITLEMENTS = Action/Action.entitlements;
				DEVELOPMENT_TEAM = 9BGC585V62;
				INFOPLIST_FILE = Action/Info.plist;
				LD_RUNPATH_SEARCH_PATHS = "$(inherited) @executable_path/Frameworks @executable_path/../../Frameworks";
				PRODUCT_BUNDLE_IDENTIFIER = com.nathggns.FreeYourPages.Action;
				PRODUCT_NAME = "$(TARGET_NAME)";
				SKIP_INSTALL = YES;
				SWIFT_VERSION = 3.0;
			};
			name = Release;
		};
/* End XCBuildConfiguration section */

/* Begin XCConfigurationList section */
		43199A4B1E12D4130073B182 /* Build configuration list for PBXProject "FreeYourPages" */ = {
			isa = XCConfigurationList;
			buildConfigurations = (
				43199A761E12D4140073B182 /* Debug */,
				43199A771E12D4140073B182 /* Release */,
			);
			defaultConfigurationIsVisible = 0;
			defaultConfigurationName = Release;
		};
		43199A781E12D4140073B182 /* Build configuration list for PBXNativeTarget "FreeYourPages" */ = {
			isa = XCConfigurationList;
			buildConfigurations = (
				43199A791E12D4140073B182 /* Debug */,
				43199A7A1E12D4140073B182 /* Release */,
			);
			defaultConfigurationIsVisible = 0;
			defaultConfigurationName = Release;
		};
		43199A7B1E12D4140073B182 /* Build configuration list for PBXNativeTarget "FreeYourPagesTests" */ = {
			isa = XCConfigurationList;
			buildConfigurations = (
				43199A7C1E12D4140073B182 /* Debug */,
				43199A7D1E12D4140073B182 /* Release */,
			);
			defaultConfigurationIsVisible = 0;
			defaultConfigurationName = Release;
		};
		43199A7E1E12D4140073B182 /* Build configuration list for PBXNativeTarget "FreeYourPagesUITests" */ = {
			isa = XCConfigurationList;
			buildConfigurations = (
				43199A7F1E12D4140073B182 /* Debug */,
				43199A801E12D4140073B182 /* Release */,
			);
			defaultConfigurationIsVisible = 0;
			defaultConfigurationName = Release;
		};
		43199AA31E12D6160073B182 /* Build configuration list for PBXNativeTarget "Action" */ = {
			isa = XCConfigurationList;
			buildConfigurations = (
				43199AA41E12D6160073B182 /* Debug */,
				43199AA51E12D6160073B182 /* Release */,
			);
			defaultConfigurationIsVisible = 0;
			defaultConfigurationName = Release;
		};
/* End XCConfigurationList section */
	};
	rootObject = 43199A481E12D4130073B182 /* Project object */;
}
